{
  "nodes": {
    "nixpkgs": {
      "locked": {
        "lastModified": 1776329215,
        "narHash": "sha256-a8BYi3mzoJ/AcJP8UldOx8emoPRLeWqALZWu4ZvjPXw=",
        "owner": "NixOS",
        "repo": "nixpkgs",
        "rev": "b86751bc4085f48661017fa226dee99fab6c651b",
        "type": "github"
      },
      "original": {
        "owner": "NixOS",
        "ref": "nixpkgs-unstable",
        "repo": "nixpkgs",
        "type": "github"
      }
    },
    "root": {
      "inputs": {
        "nixpkgs": "nixpkgs",
        "vkfft-src": "vkfft-src"
      }
    },
    "vkfft-src": {
      "flake": false,
      "locked": {
        "lastModified": 1707157891,
        "narHash": "sha256-v23sLMlcv71P9qcNMH+NnCroI7GOks90PGBS3tR1RUs=",
        "owner": "DTolm",
        "repo": "VkFFT",
        "rev": "066a17c17068c0f11c9298d848c2976c71fad1c1",
        "type": "github"
      },
      "original": {
        "owner": "DTolm",
        "repo": "VkFFT",
        "type": "github"
      }
    }
  },
  "root": "root",
  "version": 7
}
